// !$*UTF8*$!
{
	archiveVersion = 1;
	classes = {
	};
	objectVersion = 46;
	objects = {

/* Begin PBXBuildFile section */
		3AE9FB0B1B6BFAC900147959 /* ASFURLConnectionOperation.m in Sources */ = {isa = PBXBuildFile; fileRef = 3AE9FB0A1B6BFAC900147959 /* ASFURLConnectionOperation.m */; };
		84A57193186AC30C0067C898 /* Foundation.framework in Frameworks */ = {isa = PBXBuildFile; fileRef = 84A57192186AC30C0067C898 /* Foundation.framework */; };
		84A57195186AC30C0067C898 /* CoreGraphics.framework in Frameworks */ = {isa = PBXBuildFile; fileRef = 84A57194186AC30C0067C898 /* CoreGraphics.framework */; };
		84A57197186AC30C0067C898 /* UIKit.framework in Frameworks */ = {isa = PBXBuildFile; fileRef = 84A57196186AC30C0067C898 /* UIKit.framework */; };
		84A5719D186AC30C0067C898 /* InfoPlist.strings in Resources */ = {isa = PBXBuildFile; fileRef = 84A5719B186AC30C0067C898 /* InfoPlist.strings */; };
		84A5719F186AC30C0067C898 /* main.m in Sources */ = {isa = PBXBuildFile; fileRef = 84A5719E186AC30C0067C898 /* main.m */; };
		84A571A3186AC30C0067C898 /* AAppDelegate.m in Sources */ = {isa = PBXBuildFile; fileRef = 84A571A2186AC30C0067C898 /* AAppDelegate.m */; };
		84A571A5186AC30C0067C898 /* Images.xcassets in Resources */ = {isa = PBXBuildFile; fileRef = 84A571A4186AC30C0067C898 /* Images.xcassets */; };
		84A571AC186AC30C0067C898 /* XCTest.framework in Frameworks */ = {isa = PBXBuildFile; fileRef = 84A571AB186AC30C0067C898 /* XCTest.framework */; };
		84A571AD186AC30C0067C898 /* Foundation.framework in Frameworks */ = {isa = PBXBuildFile; fileRef = 84A57192186AC30C0067C898 /* Foundation.framework */; };
		84A571AE186AC30C0067C898 /* UIKit.framework in Frameworks */ = {isa = PBXBuildFile; fileRef = 84A57196186AC30C0067C898 /* UIKit.framework */; };
		84A571B6186AC30C0067C898 /* InfoPlist.strings in Resources */ = {isa = PBXBuildFile; fileRef = 84A571B4186AC30C0067C898 /* InfoPlist.strings */; };
		84A571B8186AC30C0067C898 /* AFeedlyClientDemoTests.m in Sources */ = {isa = PBXBuildFile; fileRef = 84A571B7186AC30C0067C898 /* AFeedlyClientDemoTests.m */; };
		84B612D6186AC98E00BA9E10 /* AMainViewController.m in Sources */ = {isa = PBXBuildFile; fileRef = 84B612D5186AC98E00BA9E10 /* AMainViewController.m */; };
		84B612D9186ACB3100BA9E10 /* ACell.m in Sources */ = {isa = PBXBuildFile; fileRef = 84B612D8186ACB3100BA9E10 /* ACell.m */; };
		84B612DC186ACD8000BA9E10 /* ATableSection.m in Sources */ = {isa = PBXBuildFile; fileRef = 84B612DB186ACD8000BA9E10 /* ATableSection.m */; };
		84B612DF186ACE7900BA9E10 /* ACellItem.m in Sources */ = {isa = PBXBuildFile; fileRef = 84B612DE186ACE7900BA9E10 /* ACellItem.m */; };
		84C29558186AC4C700B59901 /* AFeedlyClient.m in Sources */ = {isa = PBXBuildFile; fileRef = 84C29547186AC4C700B59901 /* AFeedlyClient.m */; };
		84C29559186AC4C700B59901 /* AFeedlyClientAuthentication.m in Sources */ = {isa = PBXBuildFile; fileRef = 84C29549186AC4C700B59901 /* AFeedlyClientAuthentication.m */; };
		84C2955A186AC4C700B59901 /* AFeedlyClientAuthenticationViewController.m in Sources */ = {isa = PBXBuildFile; fileRef = 84C2954B186AC4C700B59901 /* AFeedlyClientAuthenticationViewController.m */; };
		84C2955B186AC4C700B59901 /* AFeedlyClientCategory.m in Sources */ = {isa = PBXBuildFile; fileRef = 84C2954D186AC4C700B59901 /* AFeedlyClientCategory.m */; };
		84C2955C186AC4C700B59901 /* AFeedlyClientConstants.m in Sources */ = {isa = PBXBuildFile; fileRef = 84C2954F186AC4C700B59901 /* AFeedlyClientConstants.m */; };
		84C2955D186AC4C700B59901 /* AFeedlyClientEntry.m in Sources */ = {isa = PBXBuildFile; fileRef = 84C29551186AC4C700B59901 /* AFeedlyClientEntry.m */; };
		84C2955E186AC4C700B59901 /* AFeedlyClientStream.m in Sources */ = {isa = PBXBuildFile; fileRef = 84C29553186AC4C700B59901 /* AFeedlyClientStream.m */; };
		84C2955F186AC4C700B59901 /* AFeedlyClientSubscription.m in Sources */ = {isa = PBXBuildFile; fileRef = 84C29555186AC4C700B59901 /* AFeedlyClientSubscription.m */; };
		84C29560186AC4C700B59901 /* AFeedlyClientUtility.m in Sources */ = {isa = PBXBuildFile; fileRef = 84C29557186AC4C700B59901 /* AFeedlyClientUtility.m */; };
/* End PBXBuildFile section */

/* Begin PBXContainerItemProxy section */
		84A571AF186AC30C0067C898 /* PBXContainerItemProxy */ = {
			isa = PBXContainerItemProxy;
			containerPortal = 84A57187186AC30C0067C898 /* Project object */;
			proxyType = 1;
			remoteGlobalIDString = 84A5718E186AC30C0067C898;
			remoteInfo = AFeedlyClientDemo;
		};
/* End PBXContainerItemProxy section */

/* Begin PBXFileReference section */
		3AE9FB091B6BFAC900147959 /* ASFURLConnectionOperation.h */ = {isa = PBXFileReference; fileEncoding = 4; lastKnownFileType = sourcecode.c.h; path = ASFURLConnectionOperation.h; sourceTree = "<group>"; };
		3AE9FB0A1B6BFAC900147959 /* ASFURLConnectionOperation.m */ = {isa = PBXFileReference; fileEncoding = 4; lastKnownFileType = sourcecode.c.objc; path = ASFURLConnectionOperation.m; sourceTree = "<group>"; };
		3AE9FB131B6CD07500147959 /* DLog.h */ = {isa = PBXFileReference; fileEncoding = 4; lastKnownFileType = sourcecode.c.h; path = DLog.h; sourceTree = "<group>"; };
		84A5718F186AC30C0067C898 /* AFeedlyClientDemo.app */ = {isa = PBXFileReference; explicitFileType = wrapper.application; includeInIndex = 0; path = AFeedlyClientDemo.app; sourceTree = BUILT_PRODUCTS_DIR; };
		84A57192186AC30C0067C898 /* Foundation.framework */ = {isa = PBXFileReference; lastKnownFileType = wrapper.framework; name = Foundation.framework; path = System/Library/Frameworks/Foundation.framework; sourceTree = SDKROOT; };
		84A57194186AC30C0067C898 /* CoreGraphics.framework */ = {isa = PBXFileReference; lastKnownFileType = wrapper.framework; name = CoreGraphics.framework; path = System/Library/Frameworks/CoreGraphics.framework; sourceTree = SDKROOT; };
		84A57196186AC30C0067C898 /* UIKit.framework */ = {isa = PBXFileReference; lastKnownFileType = wrapper.framework; name = UIKit.framework; path = System/Library/Frameworks/UIKit.framework; sourceTree = SDKROOT; };
		84A5719A186AC30C0067C898 /* AFeedlyClientDemo-Info.plist */ = {isa = PBXFileReference; lastKnownFileType = text.plist.xml; path = "AFeedlyClientDemo-Info.plist"; sourceTree = "<group>"; };
		84A5719C186AC30C0067C898 /* en */ = {isa = PBXFileReference; lastKnownFileType = text.plist.strings; name = en; path = en.lproj/InfoPlist.strings; sourceTree = "<group>"; };
		84A5719E186AC30C0067C898 /* main.m */ = {isa = PBXFileReference; lastKnownFileType = sourcecode.c.objc; path = main.m; sourceTree = "<group>"; };
		84A571A0186AC30C0067C898 /* AFeedlyClientDemo-Prefix.pch */ = {isa = PBXFileReference; lastKnownFileType = sourcecode.c.h; path = "AFeedlyClientDemo-Prefix.pch"; sourceTree = "<group>"; };
		84A571A1186AC30C0067C898 /* AAppDelegate.h */ = {isa = PBXFileReference; lastKnownFileType = sourcecode.c.h; path = AAppDelegate.h; sourceTree = "<group>"; };
		84A571A2186AC30C0067C898 /* AAppDelegate.m */ = {isa = PBXFileReference; lastKnownFileType = sourcecode.c.objc; path = AAppDelegate.m; sourceTree = "<group>"; };
		84A571A4186AC30C0067C898 /* Images.xcassets */ = {isa = PBXFileReference; lastKnownFileType = folder.assetcatalog; path = Images.xcassets; sourceTree = "<group>"; };
		84A571AA186AC30C0067C898 /* AFeedlyClientDemoTests.xctest */ = {isa = PBXFileReference; explicitFileType = wrapper.cfbundle; includeInIndex = 0; path = AFeedlyClientDemoTests.xctest; sourceTree = BUILT_PRODUCTS_DIR; };
		84A571AB186AC30C0067C898 /* XCTest.framework */ = {isa = PBXFileReference; lastKnownFileType = wrapper.framework; name = XCTest.framework; path = Library/Frameworks/XCTest.framework; sourceTree = DEVELOPER_DIR; };
		84A571B3186AC30C0067C898 /* AFeedlyClientDemoTests-Info.plist */ = {isa = PBXFileReference; lastKnownFileType = text.plist.xml; path = "AFeedlyClientDemoTests-Info.plist"; sourceTree = "<group>"; };
		84A571B5186AC30C0067C898 /* en */ = {isa = PBXFileReference; lastKnownFileType = text.plist.strings; name = en; path = en.lproj/InfoPlist.strings; sourceTree = "<group>"; };
		84A571B7186AC30C0067C898 /* AFeedlyClientDemoTests.m */ = {isa = PBXFileReference; lastKnownFileType = sourcecode.c.objc; path = AFeedlyClientDemoTests.m; sourceTree = "<group>"; };
		84B612D4186AC98E00BA9E10 /* AMainViewController.h */ = {isa = PBXFileReference; fileEncoding = 4; lastKnownFileType = sourcecode.c.h; path = AMainViewController.h; sourceTree = "<group>"; };
		84B612D5186AC98E00BA9E10 /* AMainViewController.m */ = {isa = PBXFileReference; fileEncoding = 4; lastKnownFileType = sourcecode.c.objc; path = AMainViewController.m; sourceTree = "<group>"; };
		84B612D7186ACB3100BA9E10 /* ACell.h */ = {isa = PBXFileReference; fileEncoding = 4; lastKnownFileType = sourcecode.c.h; path = ACell.h; sourceTree = "<group>"; };
		84B612D8186ACB3100BA9E10 /* ACell.m */ = {isa = PBXFileReference; fileEncoding = 4; lastKnownFileType = sourcecode.c.objc; path = ACell.m; sourceTree = "<group>"; };
		84B612DA186ACD8000BA9E10 /* ATableSection.h */ = {isa = PBXFileReference; fileEncoding = 4; lastKnownFileType = sourcecode.c.h; path = ATableSection.h; sourceTree = "<group>"; };
		84B612DB186ACD8000BA9E10 /* ATableSection.m */ = {isa = PBXFileReference; fileEncoding = 4; lastKnownFileType = sourcecode.c.objc; path = ATableSection.m; sourceTree = "<group>"; };
		84B612DD186ACE7900BA9E10 /* ACellItem.h */ = {isa = PBXFileReference; fileEncoding = 4; lastKnownFileType = sourcecode.c.h; path = ACellItem.h; sourceTree = "<group>"; };
		84B612DE186ACE7900BA9E10 /* ACellItem.m */ = {isa = PBXFileReference; fileEncoding = 4; lastKnownFileType = sourcecode.c.objc; path = ACellItem.m; sourceTree = "<group>"; };
		84C29546186AC4C700B59901 /* AFeedlyClient.h */ = {isa = PBXFileReference; fileEncoding = 4; lastKnownFileType = sourcecode.c.h; path = AFeedlyClient.h; sourceTree = "<group>"; };
		84C29547186AC4C700B59901 /* AFeedlyClient.m */ = {isa = PBXFileReference; fileEncoding = 4; lastKnownFileType = sourcecode.c.objc; path = AFeedlyClient.m; sourceTree = "<group>"; };
		84C29548186AC4C700B59901 /* AFeedlyClientAuthentication.h */ = {isa = PBXFileReference; fileEncoding = 4; lastKnownFileType = sourcecode.c.h; path = AFeedlyClientAuthentication.h; sourceTree = "<group>"; };
		84C29549186AC4C700B59901 /* AFeedlyClientAuthentication.m */ = {isa = PBXFileReference; fileEncoding = 4; lastKnownFileType = sourcecode.c.objc; path = AFeedlyClientAuthentication.m; sourceTree = "<group>"; };
		84C2954A186AC4C700B59901 /* AFeedlyClientAuthenticationViewController.h */ = {isa = PBXFileReference; fileEncoding = 4; lastKnownFileType = sourcecode.c.h; path = AFeedlyClientAuthenticationViewController.h; sourceTree = "<group>"; };
		84C2954B186AC4C700B59901 /* AFeedlyClientAuthenticationViewController.m */ = {isa = PBXFileReference; fileEncoding = 4; lastKnownFileType = sourcecode.c.objc; path = AFeedlyClientAuthenticationViewController.m; sourceTree = "<group>"; };
		84C2954C186AC4C700B59901 /* AFeedlyClientCategory.h */ = {isa = PBXFileReference; fileEncoding = 4; lastKnownFileType = sourcecode.c.h; path = AFeedlyClientCategory.h; sourceTree = "<group>"; };
		84C2954D186AC4C700B59901 /* AFeedlyClientCategory.m */ = {isa = PBXFileReference; fileEncoding = 4; lastKnownFileType = sourcecode.c.objc; path = AFeedlyClientCategory.m; sourceTree = "<group>"; };
		84C2954E186AC4C700B59901 /* AFeedlyClientConstants.h */ = {isa = PBXFileReference; fileEncoding = 4; lastKnownFileType = sourcecode.c.h; path = AFeedlyClientConstants.h; sourceTree = "<group>"; };
		84C2954F186AC4C700B59901 /* AFeedlyClientConstants.m */ = {isa = PBXFileReference; fileEncoding = 4; lastKnownFileType = sourcecode.c.objc; path = AFeedlyClientConstants.m; sourceTree = "<group>"; };
		84C29550186AC4C700B59901 /* AFeedlyClientEntry.h */ = {isa = PBXFileReference; fileEncoding = 4; lastKnownFileType = sourcecode.c.h; path = AFeedlyClientEntry.h; sourceTree = "<group>"; };
		84C29551186AC4C700B59901 /* AFeedlyClientEntry.m */ = {isa = PBXFileReference; fileEncoding = 4; lastKnownFileType = sourcecode.c.objc; path = AFeedlyClientEntry.m; sourceTree = "<group>"; };
		84C29552186AC4C700B59901 /* AFeedlyClientStream.h */ = {isa = PBXFileReference; fileEncoding = 4; lastKnownFileType = sourcecode.c.h; path = AFeedlyClientStream.h; sourceTree = "<group>"; };
		84C29553186AC4C700B59901 /* AFeedlyClientStream.m */ = {isa = PBXFileReference; fileEncoding = 4; lastKnownFileType = sourcecode.c.objc; path = AFeedlyClientStream.m; sourceTree = "<group>"; };
		84C29554186AC4C700B59901 /* AFeedlyClientSubscription.h */ = {isa = PBXFileReference; fileEncoding = 4; lastKnownFileType = sourcecode.c.h; path = AFeedlyClientSubscription.h; sourceTree = "<group>"; };
		84C29555186AC4C700B59901 /* AFeedlyClientSubscription.m */ = {isa = PBXFileReference; fileEncoding = 4; lastKnownFileType = sourcecode.c.objc; path = AFeedlyClientSubscription.m; sourceTree = "<group>"; };
		84C29556186AC4C700B59901 /* AFeedlyClientUtility.h */ = {isa = PBXFileReference; fileEncoding = 4; lastKnownFileType = sourcecode.c.h; path = AFeedlyClientUtility.h; sourceTree = "<group>"; };
		84C29557186AC4C700B59901 /* AFeedlyClientUtility.m */ = {isa = PBXFileReference; fileEncoding = 4; lastKnownFileType = sourcecode.c.objc; path = AFeedlyClientUtility.m; sourceTree = "<group>"; };
/* End PBXFileReference section */

/* Begin PBXFrameworksBuildPhase section */
		84A5718C186AC30C0067C898 /* Frameworks */ = {
			isa = PBXFrameworksBuildPhase;
			buildActionMask = 2147483647;
			files = (
				84A57195186AC30C0067C898 /* CoreGraphics.framework in Frameworks */,
				84A57197186AC30C0067C898 /* UIKit.framework in Frameworks */,
				84A57193186AC30C0067C898 /* Foundation.framework in Frameworks */,
			);
			runOnlyForDeploymentPostprocessing = 0;
		};
		84A571A7186AC30C0067C898 /* Frameworks */ = {
			isa = PBXFrameworksBuildPhase;
			buildActionMask = 2147483647;
			files = (
				84A571AC186AC30C0067C898 /* XCTest.framework in Frameworks */,
				84A571AE186AC30C0067C898 /* UIKit.framework in Frameworks */,
				84A571AD186AC30C0067C898 /* Foundation.framework in Frameworks */,
			);
			runOnlyForDeploymentPostprocessing = 0;
		};
/* End PBXFrameworksBuildPhase section */

/* Begin PBXGroup section */
		84A57186186AC30C0067C898 = {
			isa = PBXGroup;
			children = (
				84A57198186AC30C0067C898 /* AFeedlyClientDemo */,
				84A571B1186AC30C0067C898 /* AFeedlyClientDemoTests */,
				84A57191186AC30C0067C898 /* Frameworks */,
				84A57190186AC30C0067C898 /* Products */,
				84C29545186AC4C700B59901 /* ASFFeedly */,
			);
			sourceTree = "<group>";
		};
		84A57190186AC30C0067C898 /* Products */ = {
			isa = PBXGroup;
			children = (
				84A5718F186AC30C0067C898 /* AFeedlyClientDemo.app */,
				84A571AA186AC30C0067C898 /* AFeedlyClientDemoTests.xctest */,
			);
			name = Products;
			sourceTree = "<group>";
		};
		84A57191186AC30C0067C898 /* Frameworks */ = {
			isa = PBXGroup;
			children = (
				84A57192186AC30C0067C898 /* Foundation.framework */,
				84A57194186AC30C0067C898 /* CoreGraphics.framework */,
				84A57196186AC30C0067C898 /* UIKit.framework */,
				84A571AB186AC30C0067C898 /* XCTest.framework */,
			);
			name = Frameworks;
			sourceTree = "<group>";
		};
		84A57198186AC30C0067C898 /* AFeedlyClientDemo */ = {
			isa = PBXGroup;
			children = (
				84A571A1186AC30C0067C898 /* AAppDelegate.h */,
				84A571A2186AC30C0067C898 /* AAppDelegate.m */,
				84B612D4186AC98E00BA9E10 /* AMainViewController.h */,
				84B612D5186AC98E00BA9E10 /* AMainViewController.m */,
				84B612D7186ACB3100BA9E10 /* ACell.h */,
				84B612D8186ACB3100BA9E10 /* ACell.m */,
				84B612DD186ACE7900BA9E10 /* ACellItem.h */,
				84B612DE186ACE7900BA9E10 /* ACellItem.m */,
				84B612DA186ACD8000BA9E10 /* ATableSection.h */,
				84B612DB186ACD8000BA9E10 /* ATableSection.m */,
				84A571A4186AC30C0067C898 /* Images.xcassets */,
				84A57199186AC30C0067C898 /* Supporting Files */,
			);
			path = AFeedlyClientDemo;
			sourceTree = "<group>";
		};
		84A57199186AC30C0067C898 /* Supporting Files */ = {
			isa = PBXGroup;
			children = (
				84A5719A186AC30C0067C898 /* AFeedlyClientDemo-Info.plist */,
				84A5719B186AC30C0067C898 /* InfoPlist.strings */,
				84A5719E186AC30C0067C898 /* main.m */,
				84A571A0186AC30C0067C898 /* AFeedlyClientDemo-Prefix.pch */,
			);
			name = "Supporting Files";
			sourceTree = "<group>";
		};
		84A571B1186AC30C0067C898 /* AFeedlyClientDemoTests */ = {
			isa = PBXGroup;
			children = (
				84A571B7186AC30C0067C898 /* AFeedlyClientDemoTests.m */,
				84A571B2186AC30C0067C898 /* Supporting Files */,
			);
			path = AFeedlyClientDemoTests;
			sourceTree = "<group>";
		};
		84A571B2186AC30C0067C898 /* Supporting Files */ = {
			isa = PBXGroup;
			children = (
				84A571B3186AC30C0067C898 /* AFeedlyClientDemoTests-Info.plist */,
				84A571B4186AC30C0067C898 /* InfoPlist.strings */,
			);
			name = "Supporting Files";
			sourceTree = "<group>";
		};
		84C29545186AC4C700B59901 /* ASFFeedly */ = {
			isa = PBXGroup;
			children = (
				84C29546186AC4C700B59901 /* AFeedlyClient.h */,
				84C29547186AC4C700B59901 /* AFeedlyClient.m */,
				84C29548186AC4C700B59901 /* AFeedlyClientAuthentication.h */,
				84C29549186AC4C700B59901 /* AFeedlyClientAuthentication.m */,
				84C2954A186AC4C700B59901 /* AFeedlyClientAuthenticationViewController.h */,
				84C2954B186AC4C700B59901 /* AFeedlyClientAuthenticationViewController.m */,
				84C2954C186AC4C700B59901 /* AFeedlyClientCategory.h */,
				84C2954D186AC4C700B59901 /* AFeedlyClientCategory.m */,
				84C2954E186AC4C700B59901 /* AFeedlyClientConstants.h */,
				84C2954F186AC4C700B59901 /* AFeedlyClientConstants.m */,
				84C29550186AC4C700B59901 /* AFeedlyClientEntry.h */,
				84C29551186AC4C700B59901 /* AFeedlyClientEntry.m */,
				84C29552186AC4C700B59901 /* AFeedlyClientStream.h */,
				84C29553186AC4C700B59901 /* AFeedlyClientStream.m */,
				84C29554186AC4C700B59901 /* AFeedlyClientSubscription.h */,
				84C29555186AC4C700B59901 /* AFeedlyClientSubscription.m */,
				84C29556186AC4C700B59901 /* AFeedlyClientUtility.h */,
				84C29557186AC4C700B59901 /* AFeedlyClientUtility.m */,
				3AE9FB091B6BFAC900147959 /* ASFURLConnectionOperation.h */,
				3AE9FB0A1B6BFAC900147959 /* ASFURLConnectionOperation.m */,
				3AE9FB131B6CD07500147959 /* DLog.h */,
			);
			name = ASFFeedly;
			path = ../ASFFeedly;
			sourceTree = "<group>";
		};
/* End PBXGroup section */

/* Begin PBXNativeTarget section */
		84A5718E186AC30C0067C898 /* AFeedlyClientDemo */ = {
			isa = PBXNativeTarget;
			buildConfigurationList = 84A571BB186AC30D0067C898 /* Build configuration list for PBXNativeTarget "AFeedlyClientDemo" */;
			buildPhases = (
				84A5718B186AC30C0067C898 /* Sources */,
				84A5718C186AC30C0067C898 /* Frameworks */,
				84A5718D186AC30C0067C898 /* Resources */,
			);
			buildRules = (
			);
			dependencies = (
			);
			name = AFeedlyClientDemo;
			productName = AFeedlyClientDemo;
			productReference = 84A5718F186AC30C0067C898 /* AFeedlyClientDemo.app */;
			productType = "com.apple.product-type.application";
		};
		84A571A9186AC30C0067C898 /* AFeedlyClientDemoTests */ = {
			isa = PBXNativeTarget;
			buildConfigurationList = 84A571BE186AC30D0067C898 /* Build configuration list for PBXNativeTarget "AFeedlyClientDemoTests" */;
			buildPhases = (
				84A571A6186AC30C0067C898 /* Sources */,
				84A571A7186AC30C0067C898 /* Frameworks */,
				84A571A8186AC30C0067C898 /* Resources */,
			);
			buildRules = (
			);
			dependencies = (
				84A571B0186AC30C0067C898 /* PBXTargetDependency */,
			);
			name = AFeedlyClientDemoTests;
			productName = AFeedlyClientDemoTests;
			productReference = 84A571AA186AC30C0067C898 /* AFeedlyClientDemoTests.xctest */;
			productType = "com.apple.product-type.bundle.unit-test";
		};
/* End PBXNativeTarget section */

/* Begin PBXProject section */
		84A57187186AC30C0067C898 /* Project object */ = {
			isa = PBXProject;
			attributes = {
				CLASSPREFIX = A;
				LastUpgradeCheck = 0640;
				ORGANIZATIONNAME = "Anton Simakov";
				TargetAttributes = {
					84A571A9186AC30C0067C898 = {
						TestTargetID = 84A5718E186AC30C0067C898;
					};
				};
			};
			buildConfigurationList = 84A5718A186AC30C0067C898 /* Build configuration list for PBXProject "AFeedlyClientDemo" */;
			compatibilityVersion = "Xcode 3.2";
			developmentRegion = English;
			hasScannedForEncodings = 0;
			knownRegions = (
				en,
			);
			mainGroup = 84A57186186AC30C0067C898;
			productRefGroup = 84A57190186AC30C0067C898 /* Products */;
			projectDirPath = "";
			projectRoot = "";
			targets = (
				84A5718E186AC30C0067C898 /* AFeedlyClientDemo */,
				84A571A9186AC30C0067C898 /* AFeedlyClientDemoTests */,
			);
		};
/* End PBXProject section */

/* Begin PBXResourcesBuildPhase section */
		84A5718D186AC30C0067C898 /* Resources */ = {
			isa = PBXResourcesBuildPhase;
			buildActionMask = 2147483647;
			files = (
				84A5719D186AC30C0067C898 /* InfoPlist.strings in Resources */,
				84A571A5186AC30C0067C898 /* Images.xcassets in Resources */,
			);
			runOnlyForDeploymentPostprocessing = 0;
		};
		84A571A8186AC30C0067C898 /* Resources */ = {
			isa = PBXResourcesBuildPhase;
			buildActionMask = 2147483647;
			files = (
				84A571B6186AC30C0067C898 /* InfoPlist.strings in Resources */,
			);
			runOnlyForDeploymentPostprocessing = 0;
		};
/* End PBXResourcesBuildPhase section */

/* Begin PBXSourcesBuildPhase section */
		84A5718B186AC30C0067C898 /* Sources */ = {
			isa = PBXSourcesBuildPhase;
			buildActionMask = 2147483647;
			files = (
				84B612D9186ACB3100BA9E10 /* ACell.m in Sources */,
				84A571A3186AC30C0067C898 /* AAppDelegate.m in Sources */,
				84C29559186AC4C700B59901 /* AFeedlyClientAuthentication.m in Sources */,
				84C2955D186AC4C700B59901 /* AFeedlyClientEntry.m in Sources */,
				84A5719F186AC30C0067C898 /* main.m in Sources */,
				3AE9FB0B1B6BFAC900147959 /* ASFURLConnectionOperation.m in Sources */,
				84C2955F186AC4C700B59901 /* AFeedlyClientSubscription.m in Sources */,
				84C2955B186AC4C700B59901 /* AFeedlyClientCategory.m in Sources */,
				84C2955A186AC4C700B59901 /* AFeedlyClientAuthenticationViewController.m in Sources */,
				84C29560186AC4C700B59901 /* AFeedlyClientUtility.m in Sources */,
				84B612D6186AC98E00BA9E10 /* AMainViewController.m in Sources */,
				84C29558186AC4C700B59901 /* AFeedlyClient.m in Sources */,
				84C2955E186AC4C700B59901 /* AFeedlyClientStream.m in Sources */,
				84C2955C186AC4C700B59901 /* AFeedlyClientConstants.m in Sources */,
				84B612DF186ACE7900BA9E10 /* ACellItem.m in Sources */,
				84B612DC186ACD8000BA9E10 /* ATableSection.m in Sources */,
			);
			runOnlyForDeploymentPostprocessing = 0;
		};
		84A571A6186AC30C0067C898 /* Sources */ = {
			isa = PBXSourcesBuildPhase;
			buildActionMask = 2147483647;
			files = (
				84A571B8186AC30C0067C898 /* AFeedlyClientDemoTests.m in Sources */,
			);
			runOnlyForDeploymentPostprocessing = 0;
		};
/* End PBXSourcesBuildPhase section */

/* Begin PBXTargetDependency section */
		84A571B0186AC30C0067C898 /* PBXTargetDependency */ = {
			isa = PBXTargetDependency;
			target = 84A5718E186AC30C0067C898 /* AFeedlyClientDemo */;
			targetProxy = 84A571AF186AC30C0067C898 /* PBXContainerItemProxy */;
		};
/* End PBXTargetDependency section */

/* Begin PBXVariantGroup section */
		84A5719B186AC30C0067C898 /* InfoPlist.strings */ = {
			isa = PBXVariantGroup;
			children = (
				84A5719C186AC30C0067C898 /* en */,
			);
			name = InfoPlist.strings;
			sourceTree = "<group>";
		};
		84A571B4186AC30C0067C898 /* InfoPlist.strings */ = {
			isa = PBXVariantGroup;
			children = (
				84A571B5186AC30C0067C898 /* en */,
			);
			name = InfoPlist.strings;
			sourceTree = "<group>";
		};
/* End PBXVariantGroup section */

/* Begin XCBuildConfiguration section */
		84A571B9186AC30C0067C898 /* Debug */ = {
			isa = XCBuildConfiguration;
			buildSettings = {
				ALWAYS_SEARCH_USER_PATHS = NO;
				CLANG_CXX_LANGUAGE_STANDARD = "gnu++0x";
				CLANG_CXX_LIBRARY = "libc++";
				CLANG_ENABLE_MODULES = YES;
				CLANG_ENABLE_OBJC_ARC = YES;
				CLANG_WARN_BOOL_CONVERSION = YES;
				CLANG_WARN_CONSTANT_CONVERSION = YES;
				CLANG_WARN_DIRECT_OBJC_ISA_USAGE = YES_ERROR;
				CLANG_WARN_EMPTY_BODY = YES;
				CLANG_WARN_ENUM_CONVERSION = YES;
				CLANG_WARN_INT_CONVERSION = YES;
				CLANG_WARN_OBJC_ROOT_CLASS = YES_ERROR;
				CLANG_WARN__DUPLICATE_METHOD_MATCH = YES;
				"CODE_SIGN_IDENTITY[sdk=iphoneos*]" = "iPhone Developer";
				COPY_PHASE_STRIP = NO;
				GCC_C_LANGUAGE_STANDARD = gnu99;
				GCC_DYNAMIC_NO_PIC = NO;
				GCC_OPTIMIZATION_LEVEL = 0;
				GCC_PREPROCESSOR_DEFINITIONS = (
					"DEBUG=1",
					"$(inherited)",
				);
				GCC_SYMBOLS_PRIVATE_EXTERN = NO;
				GCC_WARN_64_TO_32_BIT_CONVERSION = YES;
				GCC_WARN_ABOUT_RETURN_TYPE = YES_ERROR;
				GCC_WARN_UNDECLARED_SELECTOR = YES;
				GCC_WARN_UNINITIALIZED_AUTOS = YES;
				GCC_WARN_UNUSED_FUNCTION = YES;
				GCC_WARN_UNUSED_VARIABLE = YES;
				IPHONEOS_DEPLOYMENT_TARGET = 7.0;
				ONLY_ACTIVE_ARCH = YES;
				SDKROOT = iphoneos;
				TARGETED_DEVICE_FAMILY = "1,2";
			};
			name = Debug;
		};
		84A571BA186AC30C0067C898 /* Release */ = {
			isa = XCBuildConfiguration;
			buildSettings = {
				ALWAYS_SEARCH_USER_PATHS = NO;
				CLANG_CXX_LANGUAGE_STANDARD = "gnu++0x";
				CLANG_CXX_LIBRARY = "libc++";
				CLANG_ENABLE_MODULES = YES;
				CLANG_ENABLE_OBJC_ARC = YES;
				CLANG_WARN_BOOL_CONVERSION = YES;
				CLANG_WARN_CONSTANT_CONVERSION = YES;
				CLANG_WARN_DIRECT_OBJC_ISA_USAGE = YES_ERROR;
				CLANG_WARN_EMPTY_BODY = YES;
				CLANG_WARN_ENUM_CONVERSION = YES;
				CLANG_WARN_INT_CONVERSION = YES;
				CLANG_WARN_OBJC_ROOT_CLASS = YES_ERROR;
				CLANG_WARN__DUPLICATE_METHOD_MATCH = YES;
				"CODE_SIGN_IDENTITY[sdk=iphoneos*]" = "iPhone Developer";
				COPY_PHASE_STRIP = YES;
				ENABLE_NS_ASSERTIONS = NO;
				GCC_C_LANGUAGE_STANDARD = gnu99;
				GCC_WARN_64_TO_32_BIT_CONVERSION = YES;
				GCC_WARN_ABOUT_RETURN_TYPE = YES_ERROR;
				GCC_WARN_UNDECLARED_SELECTOR = YES;
				GCC_WARN_UNINITIALIZED_AUTOS = YES;
				GCC_WARN_UNUSED_FUNCTION = YES;
				GCC_WARN_UNUSED_VARIABLE = YES;
				IPHONEOS_DEPLOYMENT_TARGET = 7.0;
				SDKROOT = iphoneos;
				TARGETED_DEVICE_FAMILY = "1,2";
				VALIDATE_PRODUCT = YES;
			};
			name = Release;
		};
		84A571BC186AC30D0067C898 /* Debug */ = {
			isa = XCBuildConfiguration;
			buildSettings = {
				ASSETCATALOG_COMPILER_APPICON_NAME = AppIcon;
				ASSETCATALOG_COMPILER_LAUNCHIMAGE_NAME = LaunchImage;
				GCC_PRECOMPILE_PREFIX_HEADER = YES;
				GCC_PREFIX_HEADER = "AFeedlyClientDemo/AFeedlyClientDemo-Prefix.pch";
				INFOPLIST_FILE = "AFeedlyClientDemo/AFeedlyClientDemo-Info.plist";
				PRODUCT_NAME = "$(TARGET_NAME)";
				WRAPPER_EXTENSION = app;
			};
			name = Debug;
		};
		84A571BD186AC30D0067C898 /* Release */ = {
			isa = XCBuildConfiguration;
			buildSettings = {
				ASSETCATALOG_COMPILER_APPICON_NAME = AppIcon;
				ASSETCATALOG_COMPILER_LAUNCHIMAGE_NAME = LaunchImage;
				GCC_PRECOMPILE_PREFIX_HEADER = YES;
				GCC_PREFIX_HEADER = "AFeedlyClientDemo/AFeedlyClientDemo-Prefix.pch";
				INFOPLIST_FILE = "AFeedlyClientDemo/AFeedlyClientDemo-Info.plist";
				PRODUCT_NAME = "$(TARGET_NAME)";
				WRAPPER_EXTENSION = app;
			};
			name = Release;
		};
		84A571BF186AC30D0067C898 /* Debug */ = {
			isa = XCBuildConfiguration;
			buildSettings = {
				BUNDLE_LOADER = "$(BUILT_PRODUCTS_DIR)/AFeedlyClientDemo.app/AFeedlyClientDemo";
				FRAMEWORK_SEARCH_PATHS = (
					"$(SDKROOT)/Developer/Library/Frameworks",
					"$(inherited)",
					"$(DEVELOPER_FRAMEWORKS_DIR)",
				);
				GCC_PRECOMPILE_PREFIX_HEADER = YES;
				GCC_PREFIX_HEADER = "AFeedlyClientDemo/AFeedlyClientDemo-Prefix.pch";
				GCC_PREPROCESSOR_DEFINITIONS = (
					"DEBUG=1",
					"$(inherited)",
				);
				INFOPLIST_FILE = "AFeedlyClientDemoTests/AFeedlyClientDemoTests-Info.plist";
				PRODUCT_NAME = "$(TARGET_NAME)";
				TEST_HOST = "$(BUNDLE_LOADER)";
				WRAPPER_EXTENSION = xctest;
			};
			name = Debug;
		};
		84A571C0186AC30D0067C898 /* Release */ = {
			isa = XCBuildConfiguration;
			buildSettings = {
				BUNDLE_LOADER = "$(BUILT_PRODUCTS_DIR)/AFeedlyClientDemo.app/AFeedlyClientDemo";
				FRAMEWORK_SEARCH_PATHS = (
					"$(SDKROOT)/Developer/Library/Frameworks",
					"$(inherited)",
					"$(DEVELOPER_FRAMEWORKS_DIR)",
				);
				GCC_PRECOMPILE_PREFIX_HEADER = YES;
				GCC_PREFIX_HEADER = "AFeedlyClientDemo/AFeedlyClientDemo-Prefix.pch";
				INFOPLIST_FILE = "AFeedlyClientDemoTests/AFeedlyClientDemoTests-Info.plist";
				PRODUCT_NAME = "$(TARGET_NAME)";
				TEST_HOST = "$(BUNDLE_LOADER)";
				WRAPPER_EXTENSION = xctest;
			};
			name = Release;
		};
/* End XCBuildConfiguration section */

/* Begin XCConfigurationList section */
		84A5718A186AC30C0067C898 /* Build configuration list for PBXProject "AFeedlyClientDemo" */ = {
			isa = XCConfigurationList;
			buildConfigurations = (
				84A571B9186AC30C0067C898 /* Debug */,
				84A571BA186AC30C0067C898 /* Release */,
			);
			defaultConfigurationIsVisible = 0;
			defaultConfigurationName = Release;
		};
		84A571BB186AC30D0067C898 /* Build configuration list for PBXNativeTarget "AFeedlyClientDemo" */ = {
			isa = XCConfigurationList;
			buildConfigurations = (
				84A571BC186AC30D0067C898 /* Debug */,
				84A571BD186AC30D0067C898 /* Release */,
			);
			defaultConfigurationIsVisible = 0;
			defaultConfigurationName = Release;
		};
		84A571BE186AC30D0067C898 /* Build configuration list for PBXNativeTarget "AFeedlyClientDemoTests" */ = {
			isa = XCConfigurationList;
			buildConfigurations = (
				84A571BF186AC30D0067C898 /* Debug */,
				84A571C0186AC30D0067C898 /* Release */,
			);
			defaultConfigurationIsVisible = 0;
			defaultConfigurationName = Release;
		};
/* End XCConfigurationList section */
	};
	rootObject = 84A57187186AC30C0067C898 /* Project object */;
}
